github.com/Matthew-Mak/card-Matthew-Mak v1.0.0 h1:xfHIl/ej1arynuaipO422pDvmRZ+AFM7kYWR3s3SlHE=
github.com/Matthew-Mak/card-Matthew-Mak v1.0.0/go.mod h1:tauMgDkqpHHGDcPMqGMuVic5Fo332Zh1sL1NqBfNGJs=
github.com/Matthew-Mak/card-Matthew-Mak/v2 v2.0.0 h1:pNEVnc2ox/VS1V+85AbFOw1upG1b+5dbNN75tQc3/m8=
github.com/Matthew-Mak/card-Matthew-Mak/v2 v2.0.0/go.mod h1:AFcWSjDsgKfaGA/hbwQndc908K1FGY8naOzZCyQ2ucU=
github.com/Matthew-Mak/card-Matthew-Mak/v2 v2.1.0 h1:Pv+J991v8HDDXH27b3rkcl/SMHOTMUfZw8ogfOWUelE=
github.com/Matthew-Mak/card-Matthew-Mak/v2 v2.1.0/go.mod h1:AFcWSjDsgKfaGA/hbwQndc908K1FGY8naOzZCyQ2ucU=
